# This file was autogenerated by Stack.
# You should not edit this file by hand.
# For more information, please see the documentation at:
#   https://docs.haskellstack.org/en/stable/lock_files

packages:
- completed:
    subdir: amazonka
    name: amazonka
    version: 1.6.1
    git: https://github.com/brendanhay/amazonka
    pantry-tree:
      size: 1038
      sha256: 9b837fa517b78edd7a32dc3ced85e0522fad68e2eef9824592610ea685c5555a
    commit: ed7630edacc09e627ed0ee59126f4cdca0d73a0c
  original:
    subdir: amazonka
    git: https://github.com/brendanhay/amazonka
    commit: ed7630edacc09e627ed0ee59126f4cdca0d73a0c
- completed:
    subdir: amazonka-s3
    name: amazonka-s3
    version: 1.6.1
    git: https://github.com/brendanhay/amazonka
    pantry-tree:
      size: 18431
      sha256: a19d02da301bbcad502e6092d7418a59543747c8bb6f12932bcbc4606f7814ab
    commit: ed7630edacc09e627ed0ee59126f4cdca0d73a0c
  original:
    subdir: amazonka-s3
    git: https://github.com/brendanhay/amazonka
    commit: ed7630edacc09e627ed0ee59126f4cdca0d73a0c
- completed:
    subdir: core
    name: amazonka-core
    version: 1.6.1
    git: https://github.com/brendanhay/amazonka
    pantry-tree:
      size: 3484
      sha256: dbd45ae65d2df195ac670bed949d98ab3764bf5c691594c861337d8228ccc9fb
    commit: ed7630edacc09e627ed0ee59126f4cdca0d73a0c
  original:
    subdir: core
    git: https://github.com/brendanhay/amazonka
    commit: ed7630edacc09e627ed0ee59126f4cdca0d73a0c
snapshots:
- completed:
    size: 494638
    url: https://raw.githubusercontent.com/commercialhaskell/stackage-snapshots/master/lts/15/11.yaml
    sha256: 5747328cdcbb8fe9c96fc048b5566167c80dd176a41b52d3b363058e3cc1dc5d
  original: lts-15.11
